
Microsoft Visual Studio Solution File, Format Version 12.00
Project("{FAE04EC0-301F-11D3-BF4B-00C04F79EFBC}") = "PDT.CLI", "PDT.CLI\PDT.CLI.csproj", "{7EC87D67-57AF-429E-A130-304455BB0A70}"
EndProject
Project("{FAE04EC0-301F-11D3-BF4B-00C04F79EFBC}") = "PDT", "PDT\PDT.csproj", "{ACC91AA0-F239-4DAC-AAF9-1293E4B98C4A}"
EndProject
Project("{2150E333-8FDC-42A3-9474-1A3956D46DE8}") = "Connectors", "Connectors", "{9145A442-3022-4D6B-B3A2-F2D5E887DE84}"
EndProject
Project("{FAE04EC0-301F-11D3-BF4B-00C04F79EFBC}") = "PDT.Connectors.Shared", "PDT.Connectors.Shared\PDT.Connectors.Shared.csproj", "{FE23F69D-5DA2-4751-9252-D4018D236920}"
EndProject
Project("{FAE04EC0-301F-11D3-BF4B-00C04F79EFBC}") = "PDT.Connectors.MacLocalFileSystem", "PDT.Connectors.MacLocalFileSystem\PDT.Connectors.MacLocalFileSystem.csproj", "{46A992D5-7246-45BA-87F4-75C75DC4265E}"
EndProject
Project("{FAE04EC0-301F-11D3-BF4B-00C04F79EFBC}") = "PDT.MVC", "PDT.MVC\PDT.MVC.csproj", "{A4BE2317-1789-4625-8D9F-8A9966B0FD17}"
EndProject
Project("{FAE04EC0-301F-11D3-BF4B-00C04F79EFBC}") = "PDT.UI.Server", "PDT.UI.Server\PDT.UI.Server.csproj", "{F6BAAFEF-6DFF-40D6-9194-F221FA458AAE}"
EndProject
Global
	GlobalSection(SolutionConfigurationPlatforms) = preSolution
		Debug|Any CPU = Debug|Any CPU
		Release|Any CPU = Release|Any CPU
	EndGlobalSection
	GlobalSection(ProjectConfigurationPlatforms) = postSolution
		{7EC87D67-57AF-429E-A130-304455BB0A70}.Debug|Any CPU.ActiveCfg = Debug|Any CPU
		{7EC87D67-57AF-429E-A130-304455BB0A70}.Debug|Any CPU.Build.0 = Debug|Any CPU
		{7EC87D67-57AF-429E-A130-304455BB0A70}.Release|Any CPU.ActiveCfg = Release|Any CPU
		{7EC87D67-57AF-429E-A130-304455BB0A70}.Release|Any CPU.Build.0 = Release|Any CPU
		{ACC91AA0-F239-4DAC-AAF9-1293E4B98C4A}.Debug|Any CPU.ActiveCfg = Debug|Any CPU
		{ACC91AA0-F239-4DAC-AAF9-1293E4B98C4A}.Debug|Any CPU.Build.0 = Debug|Any CPU
		{ACC91AA0-F239-4DAC-AAF9-1293E4B98C4A}.Release|Any CPU.ActiveCfg = Release|Any CPU
		{ACC91AA0-F239-4DAC-AAF9-1293E4B98C4A}.Release|Any CPU.Build.0 = Release|Any CPU
		{FE23F69D-5DA2-4751-9252-D4018D236920}.Debug|Any CPU.ActiveCfg = Debug|Any CPU
		{FE23F69D-5DA2-4751-9252-D4018D236920}.Debug|Any CPU.Build.0 = Debug|Any CPU
		{FE23F69D-5DA2-4751-9252-D4018D236920}.Release|Any CPU.ActiveCfg = Release|Any CPU
		{FE23F69D-5DA2-4751-9252-D4018D236920}.Release|Any CPU.Build.0 = Release|Any CPU
		{46A992D5-7246-45BA-87F4-75C75DC4265E}.Debug|Any CPU.ActiveCfg = Debug|Any CPU
		{46A992D5-7246-45BA-87F4-75C75DC4265E}.Debug|Any CPU.Build.0 = Debug|Any CPU
		{46A992D5-7246-45BA-87F4-75C75DC4265E}.Release|Any CPU.ActiveCfg = Release|Any CPU
		{46A992D5-7246-45BA-87F4-75C75DC4265E}.Release|Any CPU.Build.0 = Release|Any CPU
		{A4BE2317-1789-4625-8D9F-8A9966B0FD17}.Debug|Any CPU.ActiveCfg = Debug|Any CPU
		{A4BE2317-1789-4625-8D9F-8A9966B0FD17}.Debug|Any CPU.Build.0 = Debug|Any CPU
		{A4BE2317-1789-4625-8D9F-8A9966B0FD17}.Release|Any CPU.ActiveCfg = Release|Any CPU
		{A4BE2317-1789-4625-8D9F-8A9966B0FD17}.Release|Any CPU.Build.0 = Release|Any CPU
		{F6BAAFEF-6DFF-40D6-9194-F221FA458AAE}.Debug|Any CPU.ActiveCfg = Debug|Any CPU
		{F6BAAFEF-6DFF-40D6-9194-F221FA458AAE}.Debug|Any CPU.Build.0 = Debug|Any CPU
		{F6BAAFEF-6DFF-40D6-9194-F221FA458AAE}.Release|Any CPU.ActiveCfg = Release|Any CPU
		{F6BAAFEF-6DFF-40D6-9194-F221FA458AAE}.Release|Any CPU.Build.0 = Release|Any CPU
	EndGlobalSection
	GlobalSection(NestedProjects) = preSolution
		{FE23F69D-5DA2-4751-9252-D4018D236920} = {9145A442-3022-4D6B-B3A2-F2D5E887DE84}
		{46A992D5-7246-45BA-87F4-75C75DC4265E} = {9145A442-3022-4D6B-B3A2-F2D5E887DE84}
	EndGlobalSection
EndGlobal
